
Microsoft Visual Studio Solution File, Format Version 12.00
# Visual Studio 15
VisualStudioVersion = 15.0.28307.136
MinimumVisualStudioVersion = 10.0.40219.1
Project("{FAE04EC0-301F-11D3-BF4B-00C04F79EFBC}") = "trainingrooms.droid", "trainingrooms.droid\trainingrooms.droid.csproj", "{8D7AC73F-DBC2-4315-AB20-F578DA4BBC2A}"
EndProject
Project("{9A19103F-16F7-4668-BE54-9A1E7A4F7556}") = "TrainingRooms", "..\Ex_Files_Xamarin_EssT_First_App\Exercise Files\CH04\04_01\end\TrainingRooms\TrainingRooms\TrainingRooms.csproj", "{715A9340-FBF2-476F-B36E-B07CCDD6A392}"
EndProject
Global
	GlobalSection(SolutionConfigurationPlatforms) = preSolution
		Debug|Any CPU = Debug|Any CPU
		Release|Any CPU = Release|Any CPU
	EndGlobalSection
	GlobalSection(ProjectConfigurationPlatforms) = postSolution
		{8D7AC73F-DBC2-4315-AB20-F578DA4BBC2A}.Debug|Any CPU.ActiveCfg = Debug|Any CPU
		{8D7AC73F-DBC2-4315-AB20-F578DA4BBC2A}.Debug|Any CPU.Build.0 = Debug|Any CPU
		{8D7AC73F-DBC2-4315-AB20-F578DA4BBC2A}.Debug|Any CPU.Deploy.0 = Debug|Any CPU
		{8D7AC73F-DBC2-4315-AB20-F578DA4BBC2A}.Release|Any CPU.ActiveCfg = Release|Any CPU
		{8D7AC73F-DBC2-4315-AB20-F578DA4BBC2A}.Release|Any CPU.Build.0 = Release|Any CPU
		{8D7AC73F-DBC2-4315-AB20-F578DA4BBC2A}.Release|Any CPU.Deploy.0 = Release|Any CPU
		{715A9340-FBF2-476F-B36E-B07CCDD6A392}.Debug|Any CPU.ActiveCfg = Debug|Any CPU
		{715A9340-FBF2-476F-B36E-B07CCDD6A392}.Debug|Any CPU.Build.0 = Debug|Any CPU
		{715A9340-FBF2-476F-B36E-B07CCDD6A392}.Release|Any CPU.ActiveCfg = Release|Any CPU
		{715A9340-FBF2-476F-B36E-B07CCDD6A392}.Release|Any CPU.Build.0 = Release|Any CPU
	EndGlobalSection
	GlobalSection(SolutionProperties) = preSolution
		HideSolutionNode = FALSE
	EndGlobalSection
	GlobalSection(ExtensibilityGlobals) = postSolution
		SolutionGuid = {9EF66B79-94D6-44E0-AA3C-1C051905BBE4}
	EndGlobalSection
EndGlobal
